<Solution>
  <Folder Name="/src/">
    <Project Path="src/Integrios.Ingress/Integrios.Ingress.csproj" />
    <Project Path="src/Integrios.Admin/Integrios.Admin.csproj" />
    <Project Path="src/Integrios.MockSink/Integrios.MockSink.csproj" />
    <Project Path="src/Integrios.Domain/Integrios.Domain.csproj" />
    <Project Path="src/Integrios.Application/Integrios.Application.csproj" />
    <Project Path="src/Integrios.Worker/Integrios.Worker.csproj" />
    <Project Path="src/Integrios.Migrations.Postgres/Integrios.Migrations.Postgres.csproj" />
    <Project Path="src/Integrios.Migrations.SqlServer/Integrios.Migrations.SqlServer.csproj" />
  </Folder>
  <Folder Name="/tests/">
    <Project Path="tests/Integrios.ArchitectureTests/Integrios.ArchitectureTests.csproj" />
    <Project Path="tests/Integrios.Domain.UnitTests/Integrios.Domain.UnitTests.csproj" />
    <Project Path="tests/Integrios.Application.UnitTests/Integrios.Application.UnitTests.csproj" />
    <Project Path="tests/Integrios.Infrastructure.UnitTests/Integrios.Infrastructure.UnitTests.csproj" />
    <Project Path="tests/Integrios.Admin.UnitTests/Integrios.Admin.UnitTests.csproj" />
    <Project Path="tests/Integrios.Ingress.UnitTests/Integrios.Ingress.UnitTests.csproj" />
    <Project Path="tests/Integrios.Tests.Shared/Integrios.Tests.Shared.csproj" />
    <Project Path="tests/Integrios.Worker.UnitTests/Integrios.Worker.UnitTests.csproj" />
    <Project Path="tests/Integrios.Application.FunctionalTests/Integrios.Application.FunctionalTests.csproj" />
    <Project Path="tests/Integrios.AcceptanceTests/Integrios.AcceptanceTests.csproj" />
  </Folder>
</Solution>
